
Microsoft Visual Studio Solution File, Format Version 12.00
# Visual Studio Version 17
VisualStudioVersion = 17.7.34031.279
MinimumVisualStudioVersion = 10.0.40219.1
Project("{9A19103F-16F7-4668-BE54-9A1E7A4F7556}") = "Proyecto.Web", "Proyecto.Web\Proyecto.Web.csproj", "{7A8EE325-DD84-435C-81C7-F608EA935CCC}"
EndProject
Project("{9A19103F-16F7-4668-BE54-9A1E7A4F7556}") = "Proyecto.Application", "Proyecto.Application\Proyecto.Application.csproj", "{23F3BA02-257D-4A8F-8447-21CAE72B30E0}"
EndProject
Project("{9A19103F-16F7-4668-BE54-9A1E7A4F7556}") = "Proyecto.Domain", "Proyecto.Domain\Proyecto.Domain.csproj", "{935C2F68-78F7-4F09-BC4D-E1F5DBD72D5B}"
EndProject
Project("{9A19103F-16F7-4668-BE54-9A1E7A4F7556}") = "Proyecto.Infrastructure", "Proyecto.Infrastructure\Proyecto.Infrastructure.csproj", "{B38114AE-44E1-4B5B-A17D-C2E06B8ECA62}"
EndProject
Project("{9A19103F-16F7-4668-BE54-9A1E7A4F7556}") = "Proyecto.Persistence", "Proyecto.Persistence\Proyecto.Persistence.csproj", "{75CC734D-0590-41FD-9528-051D377E21CF}"
EndProject
Global
	GlobalSection(SolutionConfigurationPlatforms) = preSolution
		Debug|Any CPU = Debug|Any CPU
		Release|Any CPU = Release|Any CPU
	EndGlobalSection
	GlobalSection(ProjectConfigurationPlatforms) = postSolution
		{7A8EE325-DD84-435C-81C7-F608EA935CCC}.Debug|Any CPU.ActiveCfg = Debug|Any CPU
		{7A8EE325-DD84-435C-81C7-F608EA935CCC}.Debug|Any CPU.Build.0 = Debug|Any CPU
		{7A8EE325-DD84-435C-81C7-F608EA935CCC}.Release|Any CPU.ActiveCfg = Release|Any CPU
		{7A8EE325-DD84-435C-81C7-F608EA935CCC}.Release|Any CPU.Build.0 = Release|Any CPU
		{23F3BA02-257D-4A8F-8447-21CAE72B30E0}.Debug|Any CPU.ActiveCfg = Debug|Any CPU
		{23F3BA02-257D-4A8F-8447-21CAE72B30E0}.Debug|Any CPU.Build.0 = Debug|Any CPU
		{23F3BA02-257D-4A8F-8447-21CAE72B30E0}.Release|Any CPU.ActiveCfg = Release|Any CPU
		{23F3BA02-257D-4A8F-8447-21CAE72B30E0}.Release|Any CPU.Build.0 = Release|Any CPU
		{935C2F68-78F7-4F09-BC4D-E1F5DBD72D5B}.Debug|Any CPU.ActiveCfg = Debug|Any CPU
		{935C2F68-78F7-4F09-BC4D-E1F5DBD72D5B}.Debug|Any CPU.Build.0 = Debug|Any CPU
		{935C2F68-78F7-4F09-BC4D-E1F5DBD72D5B}.Release|Any CPU.ActiveCfg = Release|Any CPU
		{935C2F68-78F7-4F09-BC4D-E1F5DBD72D5B}.Release|Any CPU.Build.0 = Release|Any CPU
		{B38114AE-44E1-4B5B-A17D-C2E06B8ECA62}.Debug|Any CPU.ActiveCfg = Debug|Any CPU
		{B38114AE-44E1-4B5B-A17D-C2E06B8ECA62}.Debug|Any CPU.Build.0 = Debug|Any CPU
		{B38114AE-44E1-4B5B-A17D-C2E06B8ECA62}.Release|Any CPU.ActiveCfg = Release|Any CPU
		{B38114AE-44E1-4B5B-A17D-C2E06B8ECA62}.Release|Any CPU.Build.0 = Release|Any CPU
		{75CC734D-0590-41FD-9528-051D377E21CF}.Debug|Any CPU.ActiveCfg = Debug|Any CPU
		{75CC734D-0590-41FD-9528-051D377E21CF}.Debug|Any CPU.Build.0 = Debug|Any CPU
		{75CC734D-0590-41FD-9528-051D377E21CF}.Release|Any CPU.ActiveCfg = Release|Any CPU
		{75CC734D-0590-41FD-9528-051D377E21CF}.Release|Any CPU.Build.0 = Release|Any CPU
	EndGlobalSection
	GlobalSection(SolutionProperties) = preSolution
		HideSolutionNode = FALSE
	EndGlobalSection
	GlobalSection(ExtensibilityGlobals) = postSolution
		SolutionGuid = {C37046E0-70EA-465B-BF90-3C324CAEA194}
	EndGlobalSection
EndGlobal
